
Microsoft Visual Studio Solution File, Format Version 12.00
# Visual Studio Version 17
VisualStudioVersion = 17.3.32825.248
MinimumVisualStudioVersion = 10.0.40219.1
Project("{FAE04EC0-301F-11D3-BF4B-00C04F79EFBC}") = "insertionsort", "insertionsort\insertionsort.csproj", "{B8FA8756-47E2-4260-989C-AA417BABAABE}"
EndProject
Global
	GlobalSection(SolutionConfigurationPlatforms) = preSolution
		Debug|Any CPU = Debug|Any CPU
		Release|Any CPU = Release|Any CPU
	EndGlobalSection
	GlobalSection(ProjectConfigurationPlatforms) = postSolution
		{B8FA8756-47E2-4260-989C-AA417BABAABE}.Debug|Any CPU.ActiveCfg = Debug|Any CPU
		{B8FA8756-47E2-4260-989C-AA417BABAABE}.Debug|Any CPU.Build.0 = Debug|Any CPU
		{B8FA8756-47E2-4260-989C-AA417BABAABE}.Release|Any CPU.ActiveCfg = Release|Any CPU
		{B8FA8756-47E2-4260-989C-AA417BABAABE}.Release|Any CPU.Build.0 = Release|Any CPU
	EndGlobalSection
	GlobalSection(SolutionProperties) = preSolution
		HideSolutionNode = FALSE
	EndGlobalSection
	GlobalSection(ExtensibilityGlobals) = postSolution
		SolutionGuid = {56393020-4D88-42B7-A67A-609BE51809F4}
	EndGlobalSection
EndGlobal
